
Microsoft Visual Studio Solution File, Format Version 12.00
# Visual Studio Version 17
VisualStudioVersion = 17.7.34024.191
MinimumVisualStudioVersion = 10.0.40219.1
Project("{9A19103F-16F7-4668-BE54-9A1E7A4F7556}") = "bookDemo", "bookDemo.csproj", "{9A6B459C-CA0C-408E-91CB-26AEF6F0FB4F}"
EndProject
Global
	GlobalSection(SolutionConfigurationPlatforms) = preSolution
		Debug|Any CPU = Debug|Any CPU
		Release|Any CPU = Release|Any CPU
	EndGlobalSection
	GlobalSection(ProjectConfigurationPlatforms) = postSolution
		{9A6B459C-CA0C-408E-91CB-26AEF6F0FB4F}.Debug|Any CPU.ActiveCfg = Debug|Any CPU
		{9A6B459C-CA0C-408E-91CB-26AEF6F0FB4F}.Debug|Any CPU.Build.0 = Debug|Any CPU
		{9A6B459C-CA0C-408E-91CB-26AEF6F0FB4F}.Release|Any CPU.ActiveCfg = Release|Any CPU
		{9A6B459C-CA0C-408E-91CB-26AEF6F0FB4F}.Release|Any CPU.Build.0 = Release|Any CPU
	EndGlobalSection
	GlobalSection(SolutionProperties) = preSolution
		HideSolutionNode = FALSE
	EndGlobalSection
	GlobalSection(ExtensibilityGlobals) = postSolution
		SolutionGuid = {E971DD4B-E432-4E3E-974B-7FAFBD97A2B2}
	EndGlobalSection
EndGlobal
